
Microsoft Visual Studio Solution File, Format Version 12.00
# Visual Studio 15
VisualStudioVersion = 15.0.27703.2047
MinimumVisualStudioVersion = 10.0.40219.1
Project("{FAE04EC0-301F-11D3-BF4B-00C04F79EFBC}") = "Store", "Store\Store.csproj", "{68D21F6C-0479-46AF-B0AD-C8D43873E209}"
EndProject
Global
	GlobalSection(SolutionConfigurationPlatforms) = preSolution
		Debug|Any CPU = Debug|Any CPU
		Release|Any CPU = Release|Any CPU
	EndGlobalSection
	GlobalSection(ProjectConfigurationPlatforms) = postSolution
		{68D21F6C-0479-46AF-B0AD-C8D43873E209}.Debug|Any CPU.ActiveCfg = Debug|Any CPU
		{68D21F6C-0479-46AF-B0AD-C8D43873E209}.Debug|Any CPU.Build.0 = Debug|Any CPU
		{68D21F6C-0479-46AF-B0AD-C8D43873E209}.Release|Any CPU.ActiveCfg = Release|Any CPU
		{68D21F6C-0479-46AF-B0AD-C8D43873E209}.Release|Any CPU.Build.0 = Release|Any CPU
	EndGlobalSection
	GlobalSection(SolutionProperties) = preSolution
		HideSolutionNode = FALSE
	EndGlobalSection
	GlobalSection(ExtensibilityGlobals) = postSolution
		SolutionGuid = {FFCE34A9-F61E-4A0F-98C2-8E4BC8A34A82}
	EndGlobalSection
EndGlobal
